
Microsoft Visual Studio Solution File, Format Version 12.00
Project("{FAE04EC0-301F-11D3-BF4B-00C04F79EFBC}") = "LitJsonPolymorphism", "LitJsonPolymorphism\LitJsonPolymorphism.csproj", "{561794F5-EABC-4539-BA49-7A1E1F677785}"
EndProject
Global
	GlobalSection(SolutionConfigurationPlatforms) = preSolution
		Debug|Any CPU = Debug|Any CPU
		Release|Any CPU = Release|Any CPU
	EndGlobalSection
	GlobalSection(ProjectConfigurationPlatforms) = postSolution
		{561794F5-EABC-4539-BA49-7A1E1F677785}.Debug|Any CPU.ActiveCfg = Debug|Any CPU
		{561794F5-EABC-4539-BA49-7A1E1F677785}.Debug|Any CPU.Build.0 = Debug|Any CPU
		{561794F5-EABC-4539-BA49-7A1E1F677785}.Release|Any CPU.ActiveCfg = Release|Any CPU
		{561794F5-EABC-4539-BA49-7A1E1F677785}.Release|Any CPU.Build.0 = Release|Any CPU
	EndGlobalSection
EndGlobal
